// !$*UTF8*$!
{
	archiveVersion = 1;
	classes = {
	};
	objectVersion = 46;
	objects = {

/* Begin PBXBuildFile section */
		2FE3381FFE014B1229AF3944 /* CoreText.framework in Frameworks */ = {isa = PBXBuildFile; fileRef = 67B8E0E782A2ADF54D8DA83E /* CoreText.framework */; };
		514EA85F3F8DE78ED00B5643 /* CoreTelephony.framework in Frameworks */ = {isa = PBXBuildFile; fileRef = 7BAAF451E12BB31358D30935 /* CoreTelephony.framework */; };
		71C3FA71959D26E11526FB2A /* SystemConfiguration.framework in Frameworks */ = {isa = PBXBuildFile; fileRef = 4C70F97FCDD9360750A7E00F /* SystemConfiguration.framework */; };
		8289D9D8E5B5166C98B3CE31 /* BuddyBuildSDK.framework in Frameworks */ = {isa = PBXBuildFile; fileRef = 11E55B6047A365DF683ADBA8 /* BuddyBuildSDK.framework */; };
		831EB41A1DE2649200902AB9 /* AppDelegate.swift in Sources */ = {isa = PBXBuildFile; fileRef = 831EB4191DE2649200902AB9 /* AppDelegate.swift */; };
		831EB41C1DE2649200902AB9 /* ViewController.swift in Sources */ = {isa = PBXBuildFile; fileRef = 831EB41B1DE2649200902AB9 /* ViewController.swift */; };
		831EB41F1DE2649200902AB9 /* Main.storyboard in Resources */ = {isa = PBXBuildFile; fileRef = 831EB41D1DE2649200902AB9 /* Main.storyboard */; };
		831EB4211DE2649200902AB9 /* Assets.xcassets in Resources */ = {isa = PBXBuildFile; fileRef = 831EB4201DE2649200902AB9 /* Assets.xcassets */; };
		831EB4241DE2649200902AB9 /* LaunchScreen.storyboard in Resources */ = {isa = PBXBuildFile; fileRef = 831EB4221DE2649200902AB9 /* LaunchScreen.storyboard */; };
		831EB42F1DE2649200902AB9 /* BBTestAppTestsTests.swift in Sources */ = {isa = PBXBuildFile; fileRef = 831EB42E1DE2649200902AB9 /* BBTestAppTestsTests.swift */; };
		831EB43A1DE2649200902AB9 /* BBTestAppTestsUITests.swift in Sources */ = {isa = PBXBuildFile; fileRef = 831EB4391DE2649200902AB9 /* BBTestAppTestsUITests.swift */; };
		831EB4481DE2659300902AB9 /* Calculator.swift in Sources */ = {isa = PBXBuildFile; fileRef = 831EB4471DE2659300902AB9 /* Calculator.swift */; };
		831EB44A1DE2663500902AB9 /* CalculatorTests.swift in Sources */ = {isa = PBXBuildFile; fileRef = 831EB4491DE2663500902AB9 /* CalculatorTests.swift */; };
		9B0A421BD4FEC6150D6E8A01 /* CoreMedia.framework in Frameworks */ = {isa = PBXBuildFile; fileRef = 02F3BD9FE6205D52C880B8D6 /* CoreMedia.framework */; };
		B18397F9D93DF9CD65093C59 /* CoreVideo.framework in Frameworks */ = {isa = PBXBuildFile; fileRef = 8644785D7E0E6F6BF85F1DA3 /* CoreVideo.framework */; };
		B9DED1A09BD1801A728148F9 /* AssetsLibrary.framework in Frameworks */ = {isa = PBXBuildFile; fileRef = 1CA833BDCA87C4096F840AFF /* AssetsLibrary.framework */; };
		C974128E89A49BDBDD4035C6 /* QuartzCore.framework in Frameworks */ = {isa = PBXBuildFile; fileRef = 11D384AAFCC014CCF6F227EF /* QuartzCore.framework */; };
		EF11E166320C339F41447C7B /* AVFoundation.framework in Frameworks */ = {isa = PBXBuildFile; fileRef = 51589DC35081C7F4792C94E5 /* AVFoundation.framework */; };
/* End PBXBuildFile section */

/* Begin PBXContainerItemProxy section */
		831EB42B1DE2649200902AB9 /* PBXContainerItemProxy */ = {
			isa = PBXContainerItemProxy;
			containerPortal = 831EB40E1DE2649100902AB9 /* Project object */;
			proxyType = 1;
			remoteGlobalIDString = 831EB4151DE2649100902AB9;
			remoteInfo = BBTestAppTests;
		};
		831EB4361DE2649200902AB9 /* PBXContainerItemProxy */ = {
			isa = PBXContainerItemProxy;
			containerPortal = 831EB40E1DE2649100902AB9 /* Project object */;
			proxyType = 1;
			remoteGlobalIDString = 831EB4151DE2649100902AB9;
			remoteInfo = BBTestAppTests;
		};
/* End PBXContainerItemProxy section */

/* Begin PBXFileReference section */
		02F3BD9FE6205D52C880B8D6 /* CoreMedia.framework */ = {isa = PBXFileReference; lastKnownFileType = wrapper.framework; name = CoreMedia.framework; path = System/Library/Frameworks/CoreMedia.framework; sourceTree = SDKROOT; };
		11D384AAFCC014CCF6F227EF /* QuartzCore.framework */ = {isa = PBXFileReference; lastKnownFileType = wrapper.framework; name = QuartzCore.framework; path = System/Library/Frameworks/QuartzCore.framework; sourceTree = SDKROOT; };
		11E55B6047A365DF683ADBA8 /* BuddyBuildSDK.framework */ = {isa = PBXFileReference; lastKnownFileType = wrapper.framework; path = BuddyBuildSDK.framework; sourceTree = "<group>"; };
		1CA833BDCA87C4096F840AFF /* AssetsLibrary.framework */ = {isa = PBXFileReference; lastKnownFileType = wrapper.framework; name = AssetsLibrary.framework; path = System/Library/Frameworks/AssetsLibrary.framework; sourceTree = SDKROOT; };
		4C70F97FCDD9360750A7E00F /* SystemConfiguration.framework */ = {isa = PBXFileReference; lastKnownFileType = wrapper.framework; name = SystemConfiguration.framework; path = System/Library/Frameworks/SystemConfiguration.framework; sourceTree = SDKROOT; };
		51589DC35081C7F4792C94E5 /* AVFoundation.framework */ = {isa = PBXFileReference; lastKnownFileType = wrapper.framework; name = AVFoundation.framework; path = System/Library/Frameworks/AVFoundation.framework; sourceTree = SDKROOT; };
		67B8E0E782A2ADF54D8DA83E /* CoreText.framework */ = {isa = PBXFileReference; lastKnownFileType = wrapper.framework; name = CoreText.framework; path = System/Library/Frameworks/CoreText.framework; sourceTree = SDKROOT; };
		778E5A1E90D7F9F754A0ADED /* Bridging-Header.h */ = {isa = PBXFileReference; includeInIndex = 1; lastKnownFileType = sourcecode.c.h; path = "Bridging-Header.h"; sourceTree = "<group>"; };
		7BAAF451E12BB31358D30935 /* CoreTelephony.framework */ = {isa = PBXFileReference; lastKnownFileType = wrapper.framework; name = CoreTelephony.framework; path = System/Library/Frameworks/CoreTelephony.framework; sourceTree = SDKROOT; };
		831EB4161DE2649200902AB9 /* BBTestAppTests.app */ = {isa = PBXFileReference; explicitFileType = wrapper.application; includeInIndex = 0; path = BBTestAppTests.app; sourceTree = BUILT_PRODUCTS_DIR; };
		831EB4191DE2649200902AB9 /* AppDelegate.swift */ = {isa = PBXFileReference; lastKnownFileType = sourcecode.swift; path = AppDelegate.swift; sourceTree = "<group>"; };
		831EB41B1DE2649200902AB9 /* ViewController.swift */ = {isa = PBXFileReference; lastKnownFileType = sourcecode.swift; path = ViewController.swift; sourceTree = "<group>"; };
		831EB41E1DE2649200902AB9 /* Base */ = {isa = PBXFileReference; lastKnownFileType = file.storyboard; name = Base; path = Base.lproj/Main.storyboard; sourceTree = "<group>"; };
		831EB4201DE2649200902AB9 /* Assets.xcassets */ = {isa = PBXFileReference; lastKnownFileType = folder.assetcatalog; path = Assets.xcassets; sourceTree = "<group>"; };
		831EB4231DE2649200902AB9 /* Base */ = {isa = PBXFileReference; lastKnownFileType = file.storyboard; name = Base; path = Base.lproj/LaunchScreen.storyboard; sourceTree = "<group>"; };
		831EB4251DE2649200902AB9 /* Info.plist */ = {isa = PBXFileReference; lastKnownFileType = text.plist.xml; path = Info.plist; sourceTree = "<group>"; };
		831EB42A1DE2649200902AB9 /* BBTestAppTestsTests.xctest */ = {isa = PBXFileReference; explicitFileType = wrapper.cfbundle; includeInIndex = 0; path = BBTestAppTestsTests.xctest; sourceTree = BUILT_PRODUCTS_DIR; };
		831EB42E1DE2649200902AB9 /* BBTestAppTestsTests.swift */ = {isa = PBXFileReference; lastKnownFileType = sourcecode.swift; path = BBTestAppTestsTests.swift; sourceTree = "<group>"; };
		831EB4301DE2649200902AB9 /* Info.plist */ = {isa = PBXFileReference; lastKnownFileType = text.plist.xml; path = Info.plist; sourceTree = "<group>"; };
		831EB4351DE2649200902AB9 /* BBTestAppTestsUITests.xctest */ = {isa = PBXFileReference; explicitFileType = wrapper.cfbundle; includeInIndex = 0; path = BBTestAppTestsUITests.xctest; sourceTree = BUILT_PRODUCTS_DIR; };
		831EB4391DE2649200902AB9 /* BBTestAppTestsUITests.swift */ = {isa = PBXFileReference; lastKnownFileType = sourcecode.swift; path = BBTestAppTestsUITests.swift; sourceTree = "<group>"; };
		831EB43B1DE2649200902AB9 /* Info.plist */ = {isa = PBXFileReference; lastKnownFileType = text.plist.xml; path = Info.plist; sourceTree = "<group>"; };
		831EB4471DE2659300902AB9 /* Calculator.swift */ = {isa = PBXFileReference; fileEncoding = 4; lastKnownFileType = sourcecode.swift; path = Calculator.swift; sourceTree = "<group>"; };
		831EB4491DE2663500902AB9 /* CalculatorTests.swift */ = {isa = PBXFileReference; fileEncoding = 4; lastKnownFileType = sourcecode.swift; path = CalculatorTests.swift; sourceTree = "<group>"; };
		8644785D7E0E6F6BF85F1DA3 /* CoreVideo.framework */ = {isa = PBXFileReference; lastKnownFileType = wrapper.framework; name = CoreVideo.framework; path = System/Library/Frameworks/CoreVideo.framework; sourceTree = SDKROOT; };
/* End PBXFileReference section */

/* Begin PBXFrameworksBuildPhase section */
		831EB4131DE2649100902AB9 /* Frameworks */ = {
			isa = PBXFrameworksBuildPhase;
			buildActionMask = 2147483647;
			files = (
				8289D9D8E5B5166C98B3CE31 /* BuddyBuildSDK.framework in Frameworks */,
				B9DED1A09BD1801A728148F9 /* AssetsLibrary.framework in Frameworks */,
				2FE3381FFE014B1229AF3944 /* CoreText.framework in Frameworks */,
				514EA85F3F8DE78ED00B5643 /* CoreTelephony.framework in Frameworks */,
				71C3FA71959D26E11526FB2A /* SystemConfiguration.framework in Frameworks */,
				C974128E89A49BDBDD4035C6 /* QuartzCore.framework in Frameworks */,
				EF11E166320C339F41447C7B /* AVFoundation.framework in Frameworks */,
				9B0A421BD4FEC6150D6E8A01 /* CoreMedia.framework in Frameworks */,
				B18397F9D93DF9CD65093C59 /* CoreVideo.framework in Frameworks */,
			);
			runOnlyForDeploymentPostprocessing = 0;
		};
		831EB4271DE2649200902AB9 /* Frameworks */ = {
			isa = PBXFrameworksBuildPhase;
			buildActionMask = 2147483647;
			files = (
			);
			runOnlyForDeploymentPostprocessing = 0;
		};
		831EB4321DE2649200902AB9 /* Frameworks */ = {
			isa = PBXFrameworksBuildPhase;
			buildActionMask = 2147483647;
			files = (
			);
			runOnlyForDeploymentPostprocessing = 0;
		};
/* End PBXFrameworksBuildPhase section */

/* Begin PBXGroup section */
		448D9AB21710E560357B45A6 /* Frameworks */ = {
			isa = PBXGroup;
			children = (
				11E55B6047A365DF683ADBA8 /* BuddyBuildSDK.framework */,
				1CA833BDCA87C4096F840AFF /* AssetsLibrary.framework */,
				67B8E0E782A2ADF54D8DA83E /* CoreText.framework */,
				7BAAF451E12BB31358D30935 /* CoreTelephony.framework */,
				4C70F97FCDD9360750A7E00F /* SystemConfiguration.framework */,
				11D384AAFCC014CCF6F227EF /* QuartzCore.framework */,
				51589DC35081C7F4792C94E5 /* AVFoundation.framework */,
				02F3BD9FE6205D52C880B8D6 /* CoreMedia.framework */,
				8644785D7E0E6F6BF85F1DA3 /* CoreVideo.framework */,
			);
			name = Frameworks;
			sourceTree = "<group>";
		};
		831EB40D1DE2649100902AB9 = {
			isa = PBXGroup;
			children = (
				831EB4181DE2649200902AB9 /* BBTestAppTests */,
				831EB42D1DE2649200902AB9 /* BBTestAppTestsTests */,
				831EB4381DE2649200902AB9 /* BBTestAppTestsUITests */,
				831EB4171DE2649200902AB9 /* Products */,
				448D9AB21710E560357B45A6 /* Frameworks */,
				778E5A1E90D7F9F754A0ADED /* Bridging-Header.h */,
			);
			sourceTree = "<group>";
		};
		831EB4171DE2649200902AB9 /* Products */ = {
			isa = PBXGroup;
			children = (
				831EB4161DE2649200902AB9 /* BBTestAppTests.app */,
				831EB42A1DE2649200902AB9 /* BBTestAppTestsTests.xctest */,
				831EB4351DE2649200902AB9 /* BBTestAppTestsUITests.xctest */,
			);
			name = Products;
			sourceTree = "<group>";
		};
		831EB4181DE2649200902AB9 /* BBTestAppTests */ = {
			isa = PBXGroup;
			children = (
				831EB4191DE2649200902AB9 /* AppDelegate.swift */,
				831EB41B1DE2649200902AB9 /* ViewController.swift */,
				831EB41D1DE2649200902AB9 /* Main.storyboard */,
				831EB4201DE2649200902AB9 /* Assets.xcassets */,
				831EB4221DE2649200902AB9 /* LaunchScreen.storyboard */,
				831EB4251DE2649200902AB9 /* Info.plist */,
				831EB4471DE2659300902AB9 /* Calculator.swift */,
			);
			path = BBTestAppTests;
			sourceTree = "<group>";
		};
		831EB42D1DE2649200902AB9 /* BBTestAppTestsTests */ = {
			isa = PBXGroup;
			children = (
				831EB42E1DE2649200902AB9 /* BBTestAppTestsTests.swift */,
				831EB4301DE2649200902AB9 /* Info.plist */,
				831EB4491DE2663500902AB9 /* CalculatorTests.swift */,
			);
			path = BBTestAppTestsTests;
			sourceTree = "<group>";
		};
		831EB4381DE2649200902AB9 /* BBTestAppTestsUITests */ = {
			isa = PBXGroup;
			children = (
				831EB4391DE2649200902AB9 /* BBTestAppTestsUITests.swift */,
				831EB43B1DE2649200902AB9 /* Info.plist */,
			);
			path = BBTestAppTestsUITests;
			sourceTree = "<group>";
		};
/* End PBXGroup section */

/* Begin PBXNativeTarget section */
		831EB4151DE2649100902AB9 /* BBTestAppTests */ = {
			isa = PBXNativeTarget;
			buildConfigurationList = 831EB43E1DE2649200902AB9 /* Build configuration list for PBXNativeTarget "BBTestAppTests" */;
			buildPhases = (
				831EB4121DE2649100902AB9 /* Sources */,
				831EB4131DE2649100902AB9 /* Frameworks */,
				831EB4141DE2649100902AB9 /* Resources */,
			);
			buildRules = (
			);
			dependencies = (
			);
			name = BBTestAppTests;
			productName = BBTestAppTests;
			productReference = 831EB4161DE2649200902AB9 /* BBTestAppTests.app */;
			productType = "com.apple.product-type.application";
		};
		831EB4291DE2649200902AB9 /* BBTestAppTestsTests */ = {
			isa = PBXNativeTarget;
			buildConfigurationList = 831EB4411DE2649200902AB9 /* Build configuration list for PBXNativeTarget "BBTestAppTestsTests" */;
			buildPhases = (
				831EB4261DE2649200902AB9 /* Sources */,
				831EB4271DE2649200902AB9 /* Frameworks */,
				831EB4281DE2649200902AB9 /* Resources */,
			);
			buildRules = (
			);
			dependencies = (
				831EB42C1DE2649200902AB9 /* PBXTargetDependency */,
			);
			name = BBTestAppTestsTests;
			productName = BBTestAppTestsTests;
			productReference = 831EB42A1DE2649200902AB9 /* BBTestAppTestsTests.xctest */;
			productType = "com.apple.product-type.bundle.unit-test";
		};
		831EB4341DE2649200902AB9 /* BBTestAppTestsUITests */ = {
			isa = PBXNativeTarget;
			buildConfigurationList = 831EB4441DE2649200902AB9 /* Build configuration list for PBXNativeTarget "BBTestAppTestsUITests" */;
			buildPhases = (
				831EB4311DE2649200902AB9 /* Sources */,
				831EB4321DE2649200902AB9 /* Frameworks */,
				831EB4331DE2649200902AB9 /* Resources */,
			);
			buildRules = (
			);
			dependencies = (
				831EB4371DE2649200902AB9 /* PBXTargetDependency */,
			);
			name = BBTestAppTestsUITests;
			productName = BBTestAppTestsUITests;
			productReference = 831EB4351DE2649200902AB9 /* BBTestAppTestsUITests.xctest */;
			productType = "com.apple.product-type.bundle.ui-testing";
		};
/* End PBXNativeTarget section */

/* Begin PBXProject section */
		831EB40E1DE2649100902AB9 /* Project object */ = {
			isa = PBXProject;
			attributes = {
				LastSwiftUpdateCheck = 0810;
				LastUpgradeCheck = 0810;
				ORGANIZATIONNAME = "Chris Stott";
				TargetAttributes = {
					831EB4151DE2649100902AB9 = {
						CreatedOnToolsVersion = 8.1;
						DevelopmentTeam = L4FET847JL;
						ProvisioningStyle = Automatic;
					};
					831EB4291DE2649200902AB9 = {
						CreatedOnToolsVersion = 8.1;
						DevelopmentTeam = L4FET847JL;
						ProvisioningStyle = Automatic;
						TestTargetID = 831EB4151DE2649100902AB9;
					};
					831EB4341DE2649200902AB9 = {
						CreatedOnToolsVersion = 8.1;
						DevelopmentTeam = L4FET847JL;
						ProvisioningStyle = Automatic;
						TestTargetID = 831EB4151DE2649100902AB9;
					};
				};
			};
			buildConfigurationList = 831EB4111DE2649100902AB9 /* Build configuration list for PBXProject "BBTestAppTests" */;
			compatibilityVersion = "Xcode 3.2";
			developmentRegion = English;
			hasScannedForEncodings = 0;
			knownRegions = (
				en,
				Base,
			);
			mainGroup = 831EB40D1DE2649100902AB9;
			productRefGroup = 831EB4171DE2649200902AB9 /* Products */;
			projectDirPath = "";
			projectRoot = "";
			targets = (
				831EB4151DE2649100902AB9 /* BBTestAppTests */,
				831EB4291DE2649200902AB9 /* BBTestAppTestsTests */,
				831EB4341DE2649200902AB9 /* BBTestAppTestsUITests */,
			);
		};
/* End PBXProject section */

/* Begin PBXResourcesBuildPhase section */
		831EB4141DE2649100902AB9 /* Resources */ = {
			isa = PBXResourcesBuildPhase;
			buildActionMask = 2147483647;
			files = (
				831EB4241DE2649200902AB9 /* LaunchScreen.storyboard in Resources */,
				831EB4211DE2649200902AB9 /* Assets.xcassets in Resources */,
				831EB41F1DE2649200902AB9 /* Main.storyboard in Resources */,
			);
			runOnlyForDeploymentPostprocessing = 0;
		};
		831EB4281DE2649200902AB9 /* Resources */ = {
			isa = PBXResourcesBuildPhase;
			buildActionMask = 2147483647;
			files = (
			);
			runOnlyForDeploymentPostprocessing = 0;
		};
		831EB4331DE2649200902AB9 /* Resources */ = {
			isa = PBXResourcesBuildPhase;
			buildActionMask = 2147483647;
			files = (
			);
			runOnlyForDeploymentPostprocessing = 0;
		};
/* End PBXResourcesBuildPhase section */

/* Begin PBXSourcesBuildPhase section */
		831EB4121DE2649100902AB9 /* Sources */ = {
			isa = PBXSourcesBuildPhase;
			buildActionMask = 2147483647;
			files = (
				831EB41C1DE2649200902AB9 /* ViewController.swift in Sources */,
				831EB41A1DE2649200902AB9 /* AppDelegate.swift in Sources */,
				831EB4481DE2659300902AB9 /* Calculator.swift in Sources */,
			);
			runOnlyForDeploymentPostprocessing = 0;
		};
		831EB4261DE2649200902AB9 /* Sources */ = {
			isa = PBXSourcesBuildPhase;
			buildActionMask = 2147483647;
			files = (
				831EB42F1DE2649200902AB9 /* BBTestAppTestsTests.swift in Sources */,
				831EB44A1DE2663500902AB9 /* CalculatorTests.swift in Sources */,
			);
			runOnlyForDeploymentPostprocessing = 0;
		};
		831EB4311DE2649200902AB9 /* Sources */ = {
			isa = PBXSourcesBuildPhase;
			buildActionMask = 2147483647;
			files = (
				831EB43A1DE2649200902AB9 /* BBTestAppTestsUITests.swift in Sources */,
			);
			runOnlyForDeploymentPostprocessing = 0;
		};
/* End PBXSourcesBuildPhase section */

/* Begin PBXTargetDependency section */
		831EB42C1DE2649200902AB9 /* PBXTargetDependency */ = {
			isa = PBXTargetDependency;
			target = 831EB4151DE2649100902AB9 /* BBTestAppTests */;
			targetProxy = 831EB42B1DE2649200902AB9 /* PBXContainerItemProxy */;
		};
		831EB4371DE2649200902AB9 /* PBXTargetDependency */ = {
			isa = PBXTargetDependency;
			target = 831EB4151DE2649100902AB9 /* BBTestAppTests */;
			targetProxy = 831EB4361DE2649200902AB9 /* PBXContainerItemProxy */;
		};
/* End PBXTargetDependency section */

/* Begin PBXVariantGroup section */
		831EB41D1DE2649200902AB9 /* Main.storyboard */ = {
			isa = PBXVariantGroup;
			children = (
				831EB41E1DE2649200902AB9 /* Base */,
			);
			name = Main.storyboard;
			sourceTree = "<group>";
		};
		831EB4221DE2649200902AB9 /* LaunchScreen.storyboard */ = {
			isa = PBXVariantGroup;
			children = (
				831EB4231DE2649200902AB9 /* Base */,
			);
			name = LaunchScreen.storyboard;
			sourceTree = "<group>";
		};
/* End PBXVariantGroup section */

/* Begin XCBuildConfiguration section */
		831EB43C1DE2649200902AB9 /* Debug */ = {
			isa = XCBuildConfiguration;
			buildSettings = {
				ALWAYS_SEARCH_USER_PATHS = NO;
				CLANG_ANALYZER_NONNULL = YES;
				CLANG_CXX_LANGUAGE_STANDARD = "gnu++0x";
				CLANG_CXX_LIBRARY = "libc++";
				CLANG_ENABLE_MODULES = YES;
				CLANG_ENABLE_OBJC_ARC = YES;
				CLANG_WARN_BOOL_CONVERSION = YES;
				CLANG_WARN_CONSTANT_CONVERSION = YES;
				CLANG_WARN_DIRECT_OBJC_ISA_USAGE = YES_ERROR;
				CLANG_WARN_DOCUMENTATION_COMMENTS = YES;
				CLANG_WARN_EMPTY_BODY = YES;
				CLANG_WARN_ENUM_CONVERSION = YES;
				CLANG_WARN_INFINITE_RECURSION = YES;
				CLANG_WARN_INT_CONVERSION = YES;
				CLANG_WARN_OBJC_ROOT_CLASS = YES_ERROR;
				CLANG_WARN_SUSPICIOUS_MOVES = YES;
				CLANG_WARN_UNREACHABLE_CODE = YES;
				CLANG_WARN__DUPLICATE_METHOD_MATCH = YES;
				"CODE_SIGN_IDENTITY[sdk=iphoneos*]" = "iPhone Developer";
				COPY_PHASE_STRIP = NO;
				DEBUG_INFORMATION_FORMAT = dwarf;
				ENABLE_STRICT_OBJC_MSGSEND = YES;
				ENABLE_TESTABILITY = YES;
				GCC_C_LANGUAGE_STANDARD = gnu99;
				GCC_DYNAMIC_NO_PIC = NO;
				GCC_NO_COMMON_BLOCKS = YES;
				GCC_OPTIMIZATION_LEVEL = 0;
				GCC_PREPROCESSOR_DEFINITIONS = (
					"DEBUG=1",
					"$(inherited)",
				);
				GCC_WARN_64_TO_32_BIT_CONVERSION = YES;
				GCC_WARN_ABOUT_RETURN_TYPE = YES_ERROR;
				GCC_WARN_UNDECLARED_SELECTOR = YES;
				GCC_WARN_UNINITIALIZED_AUTOS = YES_AGGRESSIVE;
				GCC_WARN_UNUSED_FUNCTION = YES;
				GCC_WARN_UNUSED_VARIABLE = YES;
				IPHONEOS_DEPLOYMENT_TARGET = 10.1;
				MTL_ENABLE_DEBUG_INFO = YES;
				ONLY_ACTIVE_ARCH = YES;
				SDKROOT = iphoneos;
				SWIFT_ACTIVE_COMPILATION_CONDITIONS = DEBUG;
				SWIFT_OPTIMIZATION_LEVEL = "-Onone";
				TARGETED_DEVICE_FAMILY = "1,2";
			};
			name = Debug;
		};
		831EB43D1DE2649200902AB9 /* Release */ = {
			isa = XCBuildConfiguration;
			buildSettings = {
				ALWAYS_SEARCH_USER_PATHS = NO;
				CLANG_ANALYZER_NONNULL = YES;
				CLANG_CXX_LANGUAGE_STANDARD = "gnu++0x";
				CLANG_CXX_LIBRARY = "libc++";
				CLANG_ENABLE_MODULES = YES;
				CLANG_ENABLE_OBJC_ARC = YES;
				CLANG_WARN_BOOL_CONVERSION = YES;
				CLANG_WARN_CONSTANT_CONVERSION = YES;
				CLANG_WARN_DIRECT_OBJC_ISA_USAGE = YES_ERROR;
				CLANG_WARN_DOCUMENTATION_COMMENTS = YES;
				CLANG_WARN_EMPTY_BODY = YES;
				CLANG_WARN_ENUM_CONVERSION = YES;
				CLANG_WARN_INFINITE_RECURSION = YES;
				CLANG_WARN_INT_CONVERSION = YES;
				CLANG_WARN_OBJC_ROOT_CLASS = YES_ERROR;
				CLANG_WARN_SUSPICIOUS_MOVES = YES;
				CLANG_WARN_UNREACHABLE_CODE = YES;
				CLANG_WARN__DUPLICATE_METHOD_MATCH = YES;
				"CODE_SIGN_IDENTITY[sdk=iphoneos*]" = "iPhone Developer";
				COPY_PHASE_STRIP = NO;
				DEBUG_INFORMATION_FORMAT = "dwarf-with-dsym";
				ENABLE_NS_ASSERTIONS = NO;
				ENABLE_STRICT_OBJC_MSGSEND = YES;
				GCC_C_LANGUAGE_STANDARD = gnu99;
				GCC_NO_COMMON_BLOCKS = YES;
				GCC_WARN_64_TO_32_BIT_CONVERSION = YES;
				GCC_WARN_ABOUT_RETURN_TYPE = YES_ERROR;
				GCC_WARN_UNDECLARED_SELECTOR = YES;
				GCC_WARN_UNINITIALIZED_AUTOS = YES_AGGRESSIVE;
				GCC_WARN_UNUSED_FUNCTION = YES;
				GCC_WARN_UNUSED_VARIABLE = YES;
				IPHONEOS_DEPLOYMENT_TARGET = 10.1;
				MTL_ENABLE_DEBUG_INFO = NO;
				SDKROOT = iphoneos;
				SWIFT_OPTIMIZATION_LEVEL = "-Owholemodule";
				TARGETED_DEVICE_FAMILY = "1,2";
				VALIDATE_PRODUCT = YES;
			};
			name = Release;
		};
		831EB43F1DE2649200902AB9 /* Debug */ = {
			isa = XCBuildConfiguration;
			buildSettings = {
				ASSETCATALOG_COMPILER_APPICON_NAME = AppIcon;
				DEVELOPMENT_TEAM = L4FET847JL;
				FRAMEWORK_SEARCH_PATHS = (
					"$(inherited)",
					"$(PROJECT_DIR)",
				);
				INFOPLIST_FILE = BBTestAppTests/Info.plist;
				LD_RUNPATH_SEARCH_PATHS = "$(inherited) @executable_path/Frameworks";
				PRODUCT_BUNDLE_IDENTIFIER = com.buddybuild.BBTestAppTests;
				PRODUCT_NAME = "$(TARGET_NAME)";
				SWIFT_OBJC_BRIDGING_HEADER = "Bridging-Header.h";
				SWIFT_VERSION = 3.0;
			};
			name = Debug;
		};
		831EB4401DE2649200902AB9 /* Release */ = {
			isa = XCBuildConfiguration;
			buildSettings = {
				ASSETCATALOG_COMPILER_APPICON_NAME = AppIcon;
				DEVELOPMENT_TEAM = L4FET847JL;
				FRAMEWORK_SEARCH_PATHS = (
					"$(inherited)",
					"$(PROJECT_DIR)",
				);
				INFOPLIST_FILE = BBTestAppTests/Info.plist;
				LD_RUNPATH_SEARCH_PATHS = "$(inherited) @executable_path/Frameworks";
				PRODUCT_BUNDLE_IDENTIFIER = com.buddybuild.BBTestAppTests;
				PRODUCT_NAME = "$(TARGET_NAME)";
				SWIFT_OBJC_BRIDGING_HEADER = "Bridging-Header.h";
				SWIFT_VERSION = 3.0;
			};
			name = Release;
		};
		831EB4421DE2649200902AB9 /* Debug */ = {
			isa = XCBuildConfiguration;
			buildSettings = {
				ALWAYS_EMBED_SWIFT_STANDARD_LIBRARIES = YES;
				BUNDLE_LOADER = "$(TEST_HOST)";
				DEVELOPMENT_TEAM = L4FET847JL;
				INFOPLIST_FILE = BBTestAppTestsTests/Info.plist;
				LD_RUNPATH_SEARCH_PATHS = "$(inherited) @executable_path/Frameworks @loader_path/Frameworks";
				PRODUCT_BUNDLE_IDENTIFIER = com.buddybuild.BBTestAppTestsTests;
				PRODUCT_NAME = "$(TARGET_NAME)";
				SWIFT_VERSION = 3.0;
				TEST_HOST = "$(BUILT_PRODUCTS_DIR)/BBTestAppTests.app/BBTestAppTests";
			};
			name = Debug;
		};
		831EB4431DE2649200902AB9 /* Release */ = {
			isa = XCBuildConfiguration;
			buildSettings = {
				ALWAYS_EMBED_SWIFT_STANDARD_LIBRARIES = YES;
				BUNDLE_LOADER = "$(TEST_HOST)";
				DEVELOPMENT_TEAM = L4FET847JL;
				INFOPLIST_FILE = BBTestAppTestsTests/Info.plist;
				LD_RUNPATH_SEARCH_PATHS = "$(inherited) @executable_path/Frameworks @loader_path/Frameworks";
				PRODUCT_BUNDLE_IDENTIFIER = com.buddybuild.BBTestAppTestsTests;
				PRODUCT_NAME = "$(TARGET_NAME)";
				SWIFT_VERSION = 3.0;
				TEST_HOST = "$(BUILT_PRODUCTS_DIR)/BBTestAppTests.app/BBTestAppTests";
			};
			name = Release;
		};
		831EB4451DE2649200902AB9 /* Debug */ = {
			isa = XCBuildConfiguration;
			buildSettings = {
				ALWAYS_EMBED_SWIFT_STANDARD_LIBRARIES = YES;
				DEVELOPMENT_TEAM = L4FET847JL;
				INFOPLIST_FILE = BBTestAppTestsUITests/Info.plist;
				LD_RUNPATH_SEARCH_PATHS = "$(inherited) @executable_path/Frameworks @loader_path/Frameworks";
				PRODUCT_BUNDLE_IDENTIFIER = com.buddybuild.BBTestAppTestsUITests;
				PRODUCT_NAME = "$(TARGET_NAME)";
				SWIFT_VERSION = 3.0;
				TEST_TARGET_NAME = BBTestAppTests;
			};
			name = Debug;
		};
		831EB4461DE2649200902AB9 /* Release */ = {
			isa = XCBuildConfiguration;
			buildSettings = {
				ALWAYS_EMBED_SWIFT_STANDARD_LIBRARIES = YES;
				DEVELOPMENT_TEAM = L4FET847JL;
				INFOPLIST_FILE = BBTestAppTestsUITests/Info.plist;
				LD_RUNPATH_SEARCH_PATHS = "$(inherited) @executable_path/Frameworks @loader_path/Frameworks";
				PRODUCT_BUNDLE_IDENTIFIER = com.buddybuild.BBTestAppTestsUITests;
				PRODUCT_NAME = "$(TARGET_NAME)";
				SWIFT_VERSION = 3.0;
				TEST_TARGET_NAME = BBTestAppTests;
			};
			name = Release;
		};
/* End XCBuildConfiguration section */

/* Begin XCConfigurationList section */
		831EB4111DE2649100902AB9 /* Build configuration list for PBXProject "BBTestAppTests" */ = {
			isa = XCConfigurationList;
			buildConfigurations = (
				831EB43C1DE2649200902AB9 /* Debug */,
				831EB43D1DE2649200902AB9 /* Release */,
			);
			defaultConfigurationIsVisible = 0;
			defaultConfigurationName = Release;
		};
		831EB43E1DE2649200902AB9 /* Build configuration list for PBXNativeTarget "BBTestAppTests" */ = {
			isa = XCConfigurationList;
			buildConfigurations = (
				831EB43F1DE2649200902AB9 /* Debug */,
				831EB4401DE2649200902AB9 /* Release */,
			);
			defaultConfigurationIsVisible = 0;
			defaultConfigurationName = Release;
		};
		831EB4411DE2649200902AB9 /* Build configuration list for PBXNativeTarget "BBTestAppTestsTests" */ = {
			isa = XCConfigurationList;
			buildConfigurations = (
				831EB4421DE2649200902AB9 /* Debug */,
				831EB4431DE2649200902AB9 /* Release */,
			);
			defaultConfigurationIsVisible = 0;
			defaultConfigurationName = Release;
		};
		831EB4441DE2649200902AB9 /* Build configuration list for PBXNativeTarget "BBTestAppTestsUITests" */ = {
			isa = XCConfigurationList;
			buildConfigurations = (
				831EB4451DE2649200902AB9 /* Debug */,
				831EB4461DE2649200902AB9 /* Release */,
			);
			defaultConfigurationIsVisible = 0;
			defaultConfigurationName = Release;
		};
/* End XCConfigurationList section */
	};
	rootObject = 831EB40E1DE2649100902AB9 /* Project object */;
}
